// !$*UTF8*$!
{
	archiveVersion = 1;
	classes = {
	};
	objectVersion = 48;
	objects = {

/* Begin PBXBuildFile section */
		8D0A747F210A7A4400EBAA04 /* String+DurationFormatter.swift in Sources */ = {isa = PBXBuildFile; fileRef = 8D0A747E210A7A4400EBAA04 /* String+DurationFormatter.swift */; };
		8D0A7481210A849E00EBAA04 /* AboutUsModel.swift in Sources */ = {isa = PBXBuildFile; fileRef = 8D0A7480210A849E00EBAA04 /* AboutUsModel.swift */; };
		8D0FCB7420EA6F3200ABC50B /* GalleryStoryboard.storyboard in Resources */ = {isa = PBXBuildFile; fileRef = 8D0FCB7320EA6F3200ABC50B /* GalleryStoryboard.storyboard */; };
		8D0FCB7620EC2D5800ABC50B /* ClubCardsViewController.swift in Sources */ = {isa = PBXBuildFile; fileRef = 8D0FCB7520EC2D5800ABC50B /* ClubCardsViewController.swift */; };
		8D0FCB7820ED1CD500ABC50B /* VideosViewController.swift in Sources */ = {isa = PBXBuildFile; fileRef = 8D0FCB7720ED1CD500ABC50B /* VideosViewController.swift */; };
		8D0FCB7B20ED1EE600ABC50B /* VideosNetworkService.swift in Sources */ = {isa = PBXBuildFile; fileRef = 8D0FCB7A20ED1EE600ABC50B /* VideosNetworkService.swift */; };
		8D0FCB7E20ED218500ABC50B /* Videos.swift in Sources */ = {isa = PBXBuildFile; fileRef = 8D0FCB7D20ED218500ABC50B /* Videos.swift */; };
		8D335FF020EFBCEF00527E7B /* ClubCardsStoryboard .storyboard in Resources */ = {isa = PBXBuildFile; fileRef = 8D335FEF20EFBCEF00527E7B /* ClubCardsStoryboard .storyboard */; };
		8D335FF220EFBD9600527E7B /* CustomSegmentedControl.swift in Sources */ = {isa = PBXBuildFile; fileRef = 8D335FF120EFBD9600527E7B /* CustomSegmentedControl.swift */; };
		8D438C6620F6595E005743A6 /* PlayVideoViewController.swift in Sources */ = {isa = PBXBuildFile; fileRef = 8D438C6520F6595E005743A6 /* PlayVideoViewController.swift */; };
		8D438C6920F78962005743A6 /* ApartmentGalleryTableViewCell.swift in Sources */ = {isa = PBXBuildFile; fileRef = 8D438C6820F78962005743A6 /* ApartmentGalleryTableViewCell.swift */; };
		8D438C6B20F789BD005743A6 /* ApartmentTableViewCell.swift in Sources */ = {isa = PBXBuildFile; fileRef = 8D438C6A20F789BD005743A6 /* ApartmentTableViewCell.swift */; };
		8D438C6F20F78C8F005743A6 /* ApartmentViewController.swift in Sources */ = {isa = PBXBuildFile; fileRef = 8D438C6E20F78C8F005743A6 /* ApartmentViewController.swift */; };
		8D438C7620F7F771005743A6 /* Assets.xcassets in Resources */ = {isa = PBXBuildFile; fileRef = 8D438C7520F7F771005743A6 /* Assets.xcassets */; };
		8D438C7820F8EA5C005743A6 /* AboutUsViewController.swift in Sources */ = {isa = PBXBuildFile; fileRef = 8D438C7720F8EA5C005743A6 /* AboutUsViewController.swift */; };
		8D438C7D20F91E16005743A6 /* ClubDetailTableViewCell.swift in Sources */ = {isa = PBXBuildFile; fileRef = 8D438C7C20F91E16005743A6 /* ClubDetailTableViewCell.swift */; };
		8D438C7F20F91F66005743A6 /* ClubDescriptionTableViewCell.swift in Sources */ = {isa = PBXBuildFile; fileRef = 8D438C7E20F91F66005743A6 /* ClubDescriptionTableViewCell.swift */; };
		8D4469FB20C182150004FA10 /* AppDelegate.swift in Sources */ = {isa = PBXBuildFile; fileRef = 8D4469FA20C182150004FA10 /* AppDelegate.swift */; };
		8D446A0020C182150004FA10 /* Main.storyboard in Resources */ = {isa = PBXBuildFile; fileRef = 8D4469FE20C182150004FA10 /* Main.storyboard */; };
		8D446A0520C182150004FA10 /* LaunchScreen.storyboard in Resources */ = {isa = PBXBuildFile; fileRef = 8D446A0320C182150004FA10 /* LaunchScreen.storyboard */; };
		8D446A0D20C187CA0004FA10 /* MainViewController.swift in Sources */ = {isa = PBXBuildFile; fileRef = 8D446A0C20C187CA0004FA10 /* MainViewController.swift */; };
		8D446A1120C189C50004FA10 /* ReservationViewController.swift in Sources */ = {isa = PBXBuildFile; fileRef = 8D446A1020C189C50004FA10 /* ReservationViewController.swift */; };
		8D44AE4820D16130008F3ACE /* ApartmentGalleryCollectionViewCell.swift in Sources */ = {isa = PBXBuildFile; fileRef = 8D44AE4720D16130008F3ACE /* ApartmentGalleryCollectionViewCell.swift */; };
		8D44AE4B20D1C3ED008F3ACE /* ApartmentPhotosFlowLayout.swift in Sources */ = {isa = PBXBuildFile; fileRef = 8D44AE4A20D1C3ED008F3ACE /* ApartmentPhotosFlowLayout.swift */; };
		8D5E1F3120D1D90100766996 /* ApartmentStoryboard.storyboard in Resources */ = {isa = PBXBuildFile; fileRef = 8D5E1F2F20D1D90100766996 /* ApartmentStoryboard.storyboard */; };
		8D63606C20EE528400DD9D50 /* VideosStoryboard.storyboard in Resources */ = {isa = PBXBuildFile; fileRef = 8D63606B20EE528400DD9D50 /* VideosStoryboard.storyboard */; };
		8D63606E20EE53B500DD9D50 /* VideoTableViewCell.swift in Sources */ = {isa = PBXBuildFile; fileRef = 8D63606D20EE53B500DD9D50 /* VideoTableViewCell.swift */; };
		8D63607020EEBFA600DD9D50 /* Environment.swift in Sources */ = {isa = PBXBuildFile; fileRef = 8D63606F20EEBFA600DD9D50 /* Environment.swift */; };
		8D6AC79A21001A4700310714 /* ApartmentModel.swift in Sources */ = {isa = PBXBuildFile; fileRef = 8D6AC79921001A4700310714 /* ApartmentModel.swift */; };
		8D6AC79C2100A0C300310714 /* GalleryModel.swift in Sources */ = {isa = PBXBuildFile; fileRef = 8D6AC79B2100A0C300310714 /* GalleryModel.swift */; };
		8D86B21D20DDA416006A447F /* MainViewButton.swift in Sources */ = {isa = PBXBuildFile; fileRef = 8D86B21C20DDA416006A447F /* MainViewButton.swift */; };
		8D86B22920DDA7F2006A447F /* Rubik-Black.ttf in Resources */ = {isa = PBXBuildFile; fileRef = 8D86B21E20DDA7EC006A447F /* Rubik-Black.ttf */; };
		8D86B22A20DDA7F2006A447F /* Rubik-BlackItalic.ttf in Resources */ = {isa = PBXBuildFile; fileRef = 8D86B21F20DDA7ED006A447F /* Rubik-BlackItalic.ttf */; };
		8D86B22B20DDA7F2006A447F /* Rubik-LightItalic.ttf in Resources */ = {isa = PBXBuildFile; fileRef = 8D86B22020DDA7ED006A447F /* Rubik-LightItalic.ttf */; };
		8D86B22C20DDA7F2006A447F /* Rubik-Light.ttf in Resources */ = {isa = PBXBuildFile; fileRef = 8D86B22120DDA7EE006A447F /* Rubik-Light.ttf */; };
		8D86B22D20DDA7F2006A447F /* Rubik-MediumItalic.ttf in Resources */ = {isa = PBXBuildFile; fileRef = 8D86B22220DDA7EE006A447F /* Rubik-MediumItalic.ttf */; };
		8D86B22E20DDA7F2006A447F /* OFL.txt in Resources */ = {isa = PBXBuildFile; fileRef = 8D86B22320DDA7EF006A447F /* OFL.txt */; };
		8D86B22F20DDA7F2006A447F /* Rubik-Italic.ttf in Resources */ = {isa = PBXBuildFile; fileRef = 8D86B22420DDA7EF006A447F /* Rubik-Italic.ttf */; };
		8D86B23020DDA7F2006A447F /* Rubik-Regular.ttf in Resources */ = {isa = PBXBuildFile; fileRef = 8D86B22520DDA7F0006A447F /* Rubik-Regular.ttf */; };
		8D86B23120DDA7F2006A447F /* Rubik-Medium.ttf in Resources */ = {isa = PBXBuildFile; fileRef = 8D86B22620DDA7F0006A447F /* Rubik-Medium.ttf */; };
		8D86B23220DDA7F2006A447F /* Rubik-BoldItalic.ttf in Resources */ = {isa = PBXBuildFile; fileRef = 8D86B22720DDA7F1006A447F /* Rubik-BoldItalic.ttf */; };
		8D86B23320DDA7F2006A447F /* Rubik-Bold.ttf in Resources */ = {isa = PBXBuildFile; fileRef = 8D86B22820DDA7F2006A447F /* Rubik-Bold.ttf */; };
		8D86B23620DDB8FC006A447F /* ReservationStoryboard.storyboard in Resources */ = {isa = PBXBuildFile; fileRef = 8D86B23420DDB8FC006A447F /* ReservationStoryboard.storyboard */; };
		8D86B23820DDBEF4006A447F /* GalleryViewController.swift in Sources */ = {isa = PBXBuildFile; fileRef = 8D86B23720DDBEF4006A447F /* GalleryViewController.swift */; };
		8D86B23A20DDC094006A447F /* GalleryPhotoCell.swift in Sources */ = {isa = PBXBuildFile; fileRef = 8D86B23920DDC094006A447F /* GalleryPhotoCell.swift */; };
		8D86B23C20DDC7AE006A447F /* LargePhotoViewController.swift in Sources */ = {isa = PBXBuildFile; fileRef = 8D86B23B20DDC7AE006A447F /* LargePhotoViewController.swift */; };
		8D9CF27220FD635A0041FD6C /* WorkingHoursTableViewCell.swift in Sources */ = {isa = PBXBuildFile; fileRef = 8D9CF27120FD635A0041FD6C /* WorkingHoursTableViewCell.swift */; };
		8D9CF27420FD7A920041FD6C /* ClubMapTableViewCell.swift in Sources */ = {isa = PBXBuildFile; fileRef = 8D9CF27320FD7A920041FD6C /* ClubMapTableViewCell.swift */; };
		8D9CF27620FD7CE40041FD6C /* HowToGetTableViewCell.swift in Sources */ = {isa = PBXBuildFile; fileRef = 8D9CF27520FD7CE40041FD6C /* HowToGetTableViewCell.swift */; };
		8D9CF27C20FD8EB50041FD6C /* AboutUsStoryboard.storyboard in Resources */ = {isa = PBXBuildFile; fileRef = 8D9CF27B20FD8EB50041FD6C /* AboutUsStoryboard.storyboard */; };
		8DE2DC4F20CC68DC000D72D8 /* MapViewController.swift in Sources */ = {isa = PBXBuildFile; fileRef = 8DE2DC4E20CC68DC000D72D8 /* MapViewController.swift */; };
		8DE2DC5120CC69D9000D72D8 /* MapStoryboard.storyboard in Resources */ = {isa = PBXBuildFile; fileRef = 8DE2DC5020CC69D9000D72D8 /* MapStoryboard.storyboard */; };
		8DE320122102460300D8FD51 /* VideoDetailNetworkService.swift in Sources */ = {isa = PBXBuildFile; fileRef = 8DE320112102460300D8FD51 /* VideoDetailNetworkService.swift */; };
		8DE32014210248A900D8FD51 /* VideosDetail.swift in Sources */ = {isa = PBXBuildFile; fileRef = 8DE32013210248A900D8FD51 /* VideosDetail.swift */; };
		D36AA7C67A1C52F5A5B6D01D /* Pods_Night_Club_Application.framework in Frameworks */ = {isa = PBXBuildFile; fileRef = 197CC2B86A419368CF6F74CA /* Pods_Night_Club_Application.framework */; };
/* End PBXBuildFile section */

/* Begin PBXFileReference section */
		197CC2B86A419368CF6F74CA /* Pods_Night_Club_Application.framework */ = {isa = PBXFileReference; explicitFileType = wrapper.framework; includeInIndex = 0; path = Pods_Night_Club_Application.framework; sourceTree = BUILT_PRODUCTS_DIR; };
		70E4656CECDF05968EBCAE02 /* Pods-Night_Club_Application.release.xcconfig */ = {isa = PBXFileReference; includeInIndex = 1; lastKnownFileType = text.xcconfig; name = "Pods-Night_Club_Application.release.xcconfig"; path = "Pods/Target Support Files/Pods-Night_Club_Application/Pods-Night_Club_Application.release.xcconfig"; sourceTree = "<group>"; };
		8D0A747E210A7A4400EBAA04 /* String+DurationFormatter.swift */ = {isa = PBXFileReference; lastKnownFileType = sourcecode.swift; path = "String+DurationFormatter.swift"; sourceTree = "<group>"; };
		8D0A7480210A849E00EBAA04 /* AboutUsModel.swift */ = {isa = PBXFileReference; lastKnownFileType = sourcecode.swift; path = AboutUsModel.swift; sourceTree = "<group>"; };
		8D0FCB7320EA6F3200ABC50B /* GalleryStoryboard.storyboard */ = {isa = PBXFileReference; fileEncoding = 4; lastKnownFileType = file.storyboard; path = GalleryStoryboard.storyboard; sourceTree = "<group>"; };
		8D0FCB7520EC2D5800ABC50B /* ClubCardsViewController.swift */ = {isa = PBXFileReference; lastKnownFileType = sourcecode.swift; path = ClubCardsViewController.swift; sourceTree = "<group>"; };
		8D0FCB7720ED1CD500ABC50B /* VideosViewController.swift */ = {isa = PBXFileReference; lastKnownFileType = sourcecode.swift; path = VideosViewController.swift; sourceTree = "<group>"; };
		8D0FCB7A20ED1EE600ABC50B /* VideosNetworkService.swift */ = {isa = PBXFileReference; lastKnownFileType = sourcecode.swift; path = VideosNetworkService.swift; sourceTree = "<group>"; };
		8D0FCB7D20ED218500ABC50B /* Videos.swift */ = {isa = PBXFileReference; lastKnownFileType = sourcecode.swift; path = Videos.swift; sourceTree = "<group>"; };
		8D335FEF20EFBCEF00527E7B /* ClubCardsStoryboard .storyboard */ = {isa = PBXFileReference; fileEncoding = 4; lastKnownFileType = file.storyboard; path = "ClubCardsStoryboard .storyboard"; sourceTree = "<group>"; };
		8D335FF120EFBD9600527E7B /* CustomSegmentedControl.swift */ = {isa = PBXFileReference; lastKnownFileType = sourcecode.swift; name = CustomSegmentedControl.swift; path = Night_Club_Application/Services/CustomSegmentedControl.swift; sourceTree = SOURCE_ROOT; };
		8D438C6520F6595E005743A6 /* PlayVideoViewController.swift */ = {isa = PBXFileReference; lastKnownFileType = sourcecode.swift; name = PlayVideoViewController.swift; path = Night_Club_Application/Controllers/Videos/PlayVideoViewController.swift; sourceTree = SOURCE_ROOT; };
		8D438C6820F78962005743A6 /* ApartmentGalleryTableViewCell.swift */ = {isa = PBXFileReference; lastKnownFileType = sourcecode.swift; path = ApartmentGalleryTableViewCell.swift; sourceTree = "<group>"; };
		8D438C6A20F789BD005743A6 /* ApartmentTableViewCell.swift */ = {isa = PBXFileReference; lastKnownFileType = sourcecode.swift; path = ApartmentTableViewCell.swift; sourceTree = "<group>"; };
		8D438C6E20F78C8F005743A6 /* ApartmentViewController.swift */ = {isa = PBXFileReference; lastKnownFileType = sourcecode.swift; path = ApartmentViewController.swift; sourceTree = "<group>"; };
		8D438C7520F7F771005743A6 /* Assets.xcassets */ = {isa = PBXFileReference; lastKnownFileType = folder.assetcatalog; path = Assets.xcassets; sourceTree = "<group>"; };
		8D438C7720F8EA5C005743A6 /* AboutUsViewController.swift */ = {isa = PBXFileReference; lastKnownFileType = sourcecode.swift; path = AboutUsViewController.swift; sourceTree = "<group>"; };
		8D438C7C20F91E16005743A6 /* ClubDetailTableViewCell.swift */ = {isa = PBXFileReference; lastKnownFileType = sourcecode.swift; path = ClubDetailTableViewCell.swift; sourceTree = "<group>"; };
		8D438C7E20F91F66005743A6 /* ClubDescriptionTableViewCell.swift */ = {isa = PBXFileReference; lastKnownFileType = sourcecode.swift; path = ClubDescriptionTableViewCell.swift; sourceTree = "<group>"; };
		8D4469F720C182150004FA10 /* Night_Club_Application.app */ = {isa = PBXFileReference; explicitFileType = wrapper.application; includeInIndex = 0; path = Night_Club_Application.app; sourceTree = BUILT_PRODUCTS_DIR; };
		8D4469FA20C182150004FA10 /* AppDelegate.swift */ = {isa = PBXFileReference; lastKnownFileType = sourcecode.swift; path = AppDelegate.swift; sourceTree = "<group>"; };
		8D4469FF20C182150004FA10 /* Base */ = {isa = PBXFileReference; lastKnownFileType = file.storyboard; name = Base; path = Base.lproj/Main.storyboard; sourceTree = "<group>"; };
		8D446A0420C182150004FA10 /* Base */ = {isa = PBXFileReference; lastKnownFileType = file.storyboard; name = Base; path = Base.lproj/LaunchScreen.storyboard; sourceTree = "<group>"; };
		8D446A0620C182150004FA10 /* Info.plist */ = {isa = PBXFileReference; lastKnownFileType = text.plist.xml; path = Info.plist; sourceTree = "<group>"; };
		8D446A0C20C187CA0004FA10 /* MainViewController.swift */ = {isa = PBXFileReference; lastKnownFileType = sourcecode.swift; path = MainViewController.swift; sourceTree = "<group>"; };
		8D446A1020C189C50004FA10 /* ReservationViewController.swift */ = {isa = PBXFileReference; lastKnownFileType = sourcecode.swift; path = ReservationViewController.swift; sourceTree = "<group>"; };
		8D44AE4720D16130008F3ACE /* ApartmentGalleryCollectionViewCell.swift */ = {isa = PBXFileReference; lastKnownFileType = sourcecode.swift; path = ApartmentGalleryCollectionViewCell.swift; sourceTree = "<group>"; };
		8D44AE4A20D1C3ED008F3ACE /* ApartmentPhotosFlowLayout.swift */ = {isa = PBXFileReference; lastKnownFileType = sourcecode.swift; path = ApartmentPhotosFlowLayout.swift; sourceTree = "<group>"; };
		8D5E1F3020D1D90100766996 /* Base */ = {isa = PBXFileReference; lastKnownFileType = file.storyboard; name = Base; path = Night_Club_Application/Storyboards/Base.lproj/ApartmentStoryboard.storyboard; sourceTree = "<group>"; };
		8D63606B20EE528400DD9D50 /* VideosStoryboard.storyboard */ = {isa = PBXFileReference; fileEncoding = 4; lastKnownFileType = file.storyboard; path = VideosStoryboard.storyboard; sourceTree = "<group>"; };
		8D63606D20EE53B500DD9D50 /* VideoTableViewCell.swift */ = {isa = PBXFileReference; lastKnownFileType = sourcecode.swift; path = VideoTableViewCell.swift; sourceTree = "<group>"; };
		8D63606F20EEBFA600DD9D50 /* Environment.swift */ = {isa = PBXFileReference; lastKnownFileType = sourcecode.swift; path = Environment.swift; sourceTree = "<group>"; };
		8D6AC79921001A4700310714 /* ApartmentModel.swift */ = {isa = PBXFileReference; lastKnownFileType = sourcecode.swift; path = ApartmentModel.swift; sourceTree = "<group>"; };
		8D6AC79B2100A0C300310714 /* GalleryModel.swift */ = {isa = PBXFileReference; lastKnownFileType = sourcecode.swift; path = GalleryModel.swift; sourceTree = "<group>"; };
		8D86B21C20DDA416006A447F /* MainViewButton.swift */ = {isa = PBXFileReference; lastKnownFileType = sourcecode.swift; path = MainViewButton.swift; sourceTree = "<group>"; };
		8D86B21E20DDA7EC006A447F /* Rubik-Black.ttf */ = {isa = PBXFileReference; lastKnownFileType = file; path = "Rubik-Black.ttf"; sourceTree = "<group>"; };
		8D86B21F20DDA7ED006A447F /* Rubik-BlackItalic.ttf */ = {isa = PBXFileReference; lastKnownFileType = file; path = "Rubik-BlackItalic.ttf"; sourceTree = "<group>"; };
		8D86B22020DDA7ED006A447F /* Rubik-LightItalic.ttf */ = {isa = PBXFileReference; lastKnownFileType = file; path = "Rubik-LightItalic.ttf"; sourceTree = "<group>"; };
		8D86B22120DDA7EE006A447F /* Rubik-Light.ttf */ = {isa = PBXFileReference; lastKnownFileType = file; path = "Rubik-Light.ttf"; sourceTree = "<group>"; };
		8D86B22220DDA7EE006A447F /* Rubik-MediumItalic.ttf */ = {isa = PBXFileReference; lastKnownFileType = file; path = "Rubik-MediumItalic.ttf"; sourceTree = "<group>"; };
		8D86B22320DDA7EF006A447F /* OFL.txt */ = {isa = PBXFileReference; fileEncoding = 4; lastKnownFileType = text; path = OFL.txt; sourceTree = "<group>"; };
		8D86B22420DDA7EF006A447F /* Rubik-Italic.ttf */ = {isa = PBXFileReference; lastKnownFileType = file; path = "Rubik-Italic.ttf"; sourceTree = "<group>"; };
		8D86B22520DDA7F0006A447F /* Rubik-Regular.ttf */ = {isa = PBXFileReference; lastKnownFileType = file; path = "Rubik-Regular.ttf"; sourceTree = "<group>"; };
		8D86B22620DDA7F0006A447F /* Rubik-Medium.ttf */ = {isa = PBXFileReference; lastKnownFileType = file; path = "Rubik-Medium.ttf"; sourceTree = "<group>"; };
		8D86B22720DDA7F1006A447F /* Rubik-BoldItalic.ttf */ = {isa = PBXFileReference; lastKnownFileType = file; path = "Rubik-BoldItalic.ttf"; sourceTree = "<group>"; };
		8D86B22820DDA7F2006A447F /* Rubik-Bold.ttf */ = {isa = PBXFileReference; lastKnownFileType = file; path = "Rubik-Bold.ttf"; sourceTree = "<group>"; };
		8D86B23520DDB8FC006A447F /* Base */ = {isa = PBXFileReference; lastKnownFileType = file.storyboard; name = Base; path = Night_Club_Application/Storyboards/Base.lproj/ReservationStoryboard.storyboard; sourceTree = "<group>"; };
		8D86B23720DDBEF4006A447F /* GalleryViewController.swift */ = {isa = PBXFileReference; lastKnownFileType = sourcecode.swift; path = GalleryViewController.swift; sourceTree = "<group>"; };
		8D86B23920DDC094006A447F /* GalleryPhotoCell.swift */ = {isa = PBXFileReference; lastKnownFileType = sourcecode.swift; path = GalleryPhotoCell.swift; sourceTree = "<group>"; };
		8D86B23B20DDC7AE006A447F /* LargePhotoViewController.swift */ = {isa = PBXFileReference; lastKnownFileType = sourcecode.swift; path = LargePhotoViewController.swift; sourceTree = "<group>"; };
		8D9CF27120FD635A0041FD6C /* WorkingHoursTableViewCell.swift */ = {isa = PBXFileReference; lastKnownFileType = sourcecode.swift; path = WorkingHoursTableViewCell.swift; sourceTree = "<group>"; };
		8D9CF27320FD7A920041FD6C /* ClubMapTableViewCell.swift */ = {isa = PBXFileReference; lastKnownFileType = sourcecode.swift; path = ClubMapTableViewCell.swift; sourceTree = "<group>"; };
		8D9CF27520FD7CE40041FD6C /* HowToGetTableViewCell.swift */ = {isa = PBXFileReference; lastKnownFileType = sourcecode.swift; path = HowToGetTableViewCell.swift; sourceTree = "<group>"; };
		8D9CF27B20FD8EB50041FD6C /* AboutUsStoryboard.storyboard */ = {isa = PBXFileReference; fileEncoding = 4; lastKnownFileType = file.storyboard; path = AboutUsStoryboard.storyboard; sourceTree = "<group>"; };
		8DBF9DF820DD97B500A1DEB9 /* Gotham Bold Regular.ttf */ = {isa = PBXFileReference; lastKnownFileType = file; path = "Gotham Bold Regular.ttf"; sourceTree = "<group>"; };
		8DE2DC4E20CC68DC000D72D8 /* MapViewController.swift */ = {isa = PBXFileReference; lastKnownFileType = sourcecode.swift; path = MapViewController.swift; sourceTree = "<group>"; };
		8DE2DC5020CC69D9000D72D8 /* MapStoryboard.storyboard */ = {isa = PBXFileReference; fileEncoding = 4; lastKnownFileType = file.storyboard; path = MapStoryboard.storyboard; sourceTree = "<group>"; };
		8DE320112102460300D8FD51 /* VideoDetailNetworkService.swift */ = {isa = PBXFileReference; lastKnownFileType = sourcecode.swift; path = VideoDetailNetworkService.swift; sourceTree = "<group>"; };
		8DE32013210248A900D8FD51 /* VideosDetail.swift */ = {isa = PBXFileReference; lastKnownFileType = sourcecode.swift; path = VideosDetail.swift; sourceTree = "<group>"; };
		E7B3D13E99D9F2EEBF721B3D /* Pods-Night_Club_Application.debug.xcconfig */ = {isa = PBXFileReference; includeInIndex = 1; lastKnownFileType = text.xcconfig; name = "Pods-Night_Club_Application.debug.xcconfig"; path = "Pods/Target Support Files/Pods-Night_Club_Application/Pods-Night_Club_Application.debug.xcconfig"; sourceTree = "<group>"; };
/* End PBXFileReference section */

/* Begin PBXFrameworksBuildPhase section */
		8D4469F420C182150004FA10 /* Frameworks */ = {
			isa = PBXFrameworksBuildPhase;
			buildActionMask = 2147483647;
			files = (
				D36AA7C67A1C52F5A5B6D01D /* Pods_Night_Club_Application.framework in Frameworks */,
			);
			runOnlyForDeploymentPostprocessing = 0;
		};
/* End PBXFrameworksBuildPhase section */

/* Begin PBXGroup section */
		25C5E3758ACD87CBE8AB49C2 /* Pods */ = {
			isa = PBXGroup;
			children = (
				E7B3D13E99D9F2EEBF721B3D /* Pods-Night_Club_Application.debug.xcconfig */,
				70E4656CECDF05968EBCAE02 /* Pods-Night_Club_Application.release.xcconfig */,
			);
			name = Pods;
			sourceTree = "<group>";
		};
		7401D2FC53B23FAB7C16DC03 /* Frameworks */ = {
			isa = PBXGroup;
			children = (
				197CC2B86A419368CF6F74CA /* Pods_Night_Club_Application.framework */,
			);
			name = Frameworks;
			sourceTree = "<group>";
		};
		8D0FCB6F20EA6EB900ABC50B /* Gallery */ = {
			isa = PBXGroup;
			children = (
				8D86B23720DDBEF4006A447F /* GalleryViewController.swift */,
				8D86B23B20DDC7AE006A447F /* LargePhotoViewController.swift */,
			);
			path = Gallery;
			sourceTree = "<group>";
		};
		8D0FCB7920ED1E8E00ABC50B /* Services */ = {
			isa = PBXGroup;
			children = (
				8D0FCB7A20ED1EE600ABC50B /* VideosNetworkService.swift */,
				8DE320112102460300D8FD51 /* VideoDetailNetworkService.swift */,
				8D63606F20EEBFA600DD9D50 /* Environment.swift */,
			);
			path = Services;
			sourceTree = "<group>";
		};
		8D0FCB7C20ED216000ABC50B /* Models */ = {
			isa = PBXGroup;
			children = (
				8D0FCB7D20ED218500ABC50B /* Videos.swift */,
				8DE32013210248A900D8FD51 /* VideosDetail.swift */,
				8D6AC79B2100A0C300310714 /* GalleryModel.swift */,
				8D6AC79921001A4700310714 /* ApartmentModel.swift */,
				8D0A7480210A849E00EBAA04 /* AboutUsModel.swift */,
			);
			path = Models;
			sourceTree = "<group>";
		};
		8D438C6720F659AB005743A6 /* Videos */ = {
			isa = PBXGroup;
			children = (
				8D0FCB7720ED1CD500ABC50B /* VideosViewController.swift */,
				8D438C6520F6595E005743A6 /* PlayVideoViewController.swift */,
			);
			path = Videos;
			sourceTree = "<group>";
		};
		8D438C7A20F8ED34005743A6 /* About Us */ = {
			isa = PBXGroup;
			children = (
				8D438C7C20F91E16005743A6 /* ClubDetailTableViewCell.swift */,
				8D438C7E20F91F66005743A6 /* ClubDescriptionTableViewCell.swift */,
				8D9CF27120FD635A0041FD6C /* WorkingHoursTableViewCell.swift */,
				8D9CF27320FD7A920041FD6C /* ClubMapTableViewCell.swift */,
				8D9CF27520FD7CE40041FD6C /* HowToGetTableViewCell.swift */,
			);
			path = "About Us";
			sourceTree = "<group>";
		};
		8D438C7B20F8ED4B005743A6 /* Apartment */ = {
			isa = PBXGroup;
			children = (
				8D438C6820F78962005743A6 /* ApartmentGalleryTableViewCell.swift */,
				8D438C6A20F789BD005743A6 /* ApartmentTableViewCell.swift */,
				8D44AE4720D16130008F3ACE /* ApartmentGalleryCollectionViewCell.swift */,
			);
			path = Apartment;
			sourceTree = "<group>";
		};
		8D4469EE20C182150004FA10 = {
			isa = PBXGroup;
			children = (
				8D4469F920C182150004FA10 /* Night_Club_Application */,
				8D4469F820C182150004FA10 /* Products */,
				25C5E3758ACD87CBE8AB49C2 /* Pods */,
				7401D2FC53B23FAB7C16DC03 /* Frameworks */,
			);
			sourceTree = "<group>";
		};
		8D4469F820C182150004FA10 /* Products */ = {
			isa = PBXGroup;
			children = (
				8D4469F720C182150004FA10 /* Night_Club_Application.app */,
			);
			name = Products;
			sourceTree = "<group>";
		};
		8D4469F920C182150004FA10 /* Night_Club_Application */ = {
			isa = PBXGroup;
			children = (
				8D438C7520F7F771005743A6 /* Assets.xcassets */,
				8D4469FA20C182150004FA10 /* AppDelegate.swift */,
				8D44AE4920D1613D008F3ACE /* Views */,
				8D446A0F20C189100004FA10 /* Controllers */,
				8D446A0E20C1885D0004FA10 /* Storyboards */,
				8D0FCB7920ED1E8E00ABC50B /* Services */,
				8DBF9DF620DD972000A1DEB9 /* Resources */,
				8D5E1F3220D3E9A800766996 /* Layouts */,
				8D446A0620C182150004FA10 /* Info.plist */,
				8D0FCB7C20ED216000ABC50B /* Models */,
			);
			path = Night_Club_Application;
			sourceTree = "<group>";
		};
		8D446A0E20C1885D0004FA10 /* Storyboards */ = {
			isa = PBXGroup;
			children = (
				8D4469FE20C182150004FA10 /* Main.storyboard */,
				8DE2DC5020CC69D9000D72D8 /* MapStoryboard.storyboard */,
				8D446A0320C182150004FA10 /* LaunchScreen.storyboard */,
				8D86B23420DDB8FC006A447F /* ReservationStoryboard.storyboard */,
				8D5E1F2F20D1D90100766996 /* ApartmentStoryboard.storyboard */,
				8D0FCB7320EA6F3200ABC50B /* GalleryStoryboard.storyboard */,
				8D63606B20EE528400DD9D50 /* VideosStoryboard.storyboard */,
				8D9CF27B20FD8EB50041FD6C /* AboutUsStoryboard.storyboard */,
				8D335FEF20EFBCEF00527E7B /* ClubCardsStoryboard .storyboard */,
			);
			path = Storyboards;
			sourceTree = "<group>";
		};
		8D446A0F20C189100004FA10 /* Controllers */ = {
			isa = PBXGroup;
			children = (
				8D438C6720F659AB005743A6 /* Videos */,
				8D0FCB6F20EA6EB900ABC50B /* Gallery */,
				8D446A0C20C187CA0004FA10 /* MainViewController.swift */,
				8DE2DC4E20CC68DC000D72D8 /* MapViewController.swift */,
				8D446A1020C189C50004FA10 /* ReservationViewController.swift */,
				8D438C6E20F78C8F005743A6 /* ApartmentViewController.swift */,
				8D0FCB7520EC2D5800ABC50B /* ClubCardsViewController.swift */,
				8D438C7720F8EA5C005743A6 /* AboutUsViewController.swift */,
			);
			path = Controllers;
			sourceTree = "<group>";
		};
		8D44AE4920D1613D008F3ACE /* Views */ = {
			isa = PBXGroup;
			children = (
				8D438C7B20F8ED4B005743A6 /* Apartment */,
				8D438C7A20F8ED34005743A6 /* About Us */,
				8D63606D20EE53B500DD9D50 /* VideoTableViewCell.swift */,
				8D86B23920DDC094006A447F /* GalleryPhotoCell.swift */,
			);
			path = Views;
			sourceTree = "<group>";
		};
		8D5E1F3220D3E9A800766996 /* Layouts */ = {
			isa = PBXGroup;
			children = (
				8D44AE4A20D1C3ED008F3ACE /* ApartmentPhotosFlowLayout.swift */,
			);
			path = Layouts;
			sourceTree = "<group>";
		};
		8DBF9DF620DD972000A1DEB9 /* Resources */ = {
			isa = PBXGroup;
			children = (
				8D86B21C20DDA416006A447F /* MainViewButton.swift */,
				8D335FF120EFBD9600527E7B /* CustomSegmentedControl.swift */,
				8D0A747E210A7A4400EBAA04 /* String+DurationFormatter.swift */,
				8DBF9DF720DD973B00A1DEB9 /* Fonts */,
			);
			path = Resources;
			sourceTree = "<group>";
		};
		8DBF9DF720DD973B00A1DEB9 /* Fonts */ = {
			isa = PBXGroup;
			children = (
				8DBF9DF820DD97B500A1DEB9 /* Gotham Bold Regular.ttf */,
				8D86B22320DDA7EF006A447F /* OFL.txt */,
				8D86B21E20DDA7EC006A447F /* Rubik-Black.ttf */,
				8D86B21F20DDA7ED006A447F /* Rubik-BlackItalic.ttf */,
				8D86B22820DDA7F2006A447F /* Rubik-Bold.ttf */,
				8D86B22720DDA7F1006A447F /* Rubik-BoldItalic.ttf */,
				8D86B22420DDA7EF006A447F /* Rubik-Italic.ttf */,
				8D86B22120DDA7EE006A447F /* Rubik-Light.ttf */,
				8D86B22020DDA7ED006A447F /* Rubik-LightItalic.ttf */,
				8D86B22620DDA7F0006A447F /* Rubik-Medium.ttf */,
				8D86B22220DDA7EE006A447F /* Rubik-MediumItalic.ttf */,
				8D86B22520DDA7F0006A447F /* Rubik-Regular.ttf */,
			);
			path = Fonts;
			sourceTree = "<group>";
		};
/* End PBXGroup section */

/* Begin PBXNativeTarget section */
		8D4469F620C182150004FA10 /* Night_Club_Application */ = {
			isa = PBXNativeTarget;
			buildConfigurationList = 8D446A0920C182150004FA10 /* Build configuration list for PBXNativeTarget "Night_Club_Application" */;
			buildPhases = (
				243E44D7255CA155523DA971 /* [CP] Check Pods Manifest.lock */,
				8D4469F320C182150004FA10 /* Sources */,
				8D4469F420C182150004FA10 /* Frameworks */,
				8D4469F520C182150004FA10 /* Resources */,
				4927B8DF5F63AA1E4C9D03B5 /* [CP] Embed Pods Frameworks */,
			);
			buildRules = (
			);
			dependencies = (
			);
			name = Night_Club_Application;
			productName = Night_Club_Application;
			productReference = 8D4469F720C182150004FA10 /* Night_Club_Application.app */;
			productType = "com.apple.product-type.application";
		};
/* End PBXNativeTarget section */

/* Begin PBXProject section */
		8D4469EF20C182150004FA10 /* Project object */ = {
			isa = PBXProject;
			attributes = {
				LastSwiftUpdateCheck = 0920;
				LastUpgradeCheck = 0940;
				ORGANIZATIONNAME = "Lubomir Olshansky";
				TargetAttributes = {
					8D4469F620C182150004FA10 = {
						CreatedOnToolsVersion = 9.2;
						ProvisioningStyle = Automatic;
					};
				};
			};
			buildConfigurationList = 8D4469F220C182150004FA10 /* Build configuration list for PBXProject "Night_Club_Application" */;
			compatibilityVersion = "Xcode 8.0";
			developmentRegion = en;
			hasScannedForEncodings = 0;
			knownRegions = (
				en,
				Base,
			);
			mainGroup = 8D4469EE20C182150004FA10;
			productRefGroup = 8D4469F820C182150004FA10 /* Products */;
			projectDirPath = "";
			projectRoot = "";
			targets = (
				8D4469F620C182150004FA10 /* Night_Club_Application */,
			);
		};
/* End PBXProject section */

/* Begin PBXResourcesBuildPhase section */
		8D4469F520C182150004FA10 /* Resources */ = {
			isa = PBXResourcesBuildPhase;
			buildActionMask = 2147483647;
			files = (
				8D86B22920DDA7F2006A447F /* Rubik-Black.ttf in Resources */,
				8D86B22E20DDA7F2006A447F /* OFL.txt in Resources */,
				8D63606C20EE528400DD9D50 /* VideosStoryboard.storyboard in Resources */,
				8D9CF27C20FD8EB50041FD6C /* AboutUsStoryboard.storyboard in Resources */,
				8D86B22B20DDA7F2006A447F /* Rubik-LightItalic.ttf in Resources */,
				8D5E1F3120D1D90100766996 /* ApartmentStoryboard.storyboard in Resources */,
				8D446A0520C182150004FA10 /* LaunchScreen.storyboard in Resources */,
				8D86B23320DDA7F2006A447F /* Rubik-Bold.ttf in Resources */,
				8D86B22C20DDA7F2006A447F /* Rubik-Light.ttf in Resources */,
				8D86B22A20DDA7F2006A447F /* Rubik-BlackItalic.ttf in Resources */,
				8D86B23620DDB8FC006A447F /* ReservationStoryboard.storyboard in Resources */,
				8D86B22F20DDA7F2006A447F /* Rubik-Italic.ttf in Resources */,
				8D86B22D20DDA7F2006A447F /* Rubik-MediumItalic.ttf in Resources */,
				8D0FCB7420EA6F3200ABC50B /* GalleryStoryboard.storyboard in Resources */,
				8D86B23220DDA7F2006A447F /* Rubik-BoldItalic.ttf in Resources */,
				8D438C7620F7F771005743A6 /* Assets.xcassets in Resources */,
				8D86B23020DDA7F2006A447F /* Rubik-Regular.ttf in Resources */,
				8DE2DC5120CC69D9000D72D8 /* MapStoryboard.storyboard in Resources */,
				8D335FF020EFBCEF00527E7B /* ClubCardsStoryboard .storyboard in Resources */,
				8D446A0020C182150004FA10 /* Main.storyboard in Resources */,
				8D86B23120DDA7F2006A447F /* Rubik-Medium.ttf in Resources */,
			);
			runOnlyForDeploymentPostprocessing = 0;
		};
/* End PBXResourcesBuildPhase section */

/* Begin PBXShellScriptBuildPhase section */
		243E44D7255CA155523DA971 /* [CP] Check Pods Manifest.lock */ = {
			isa = PBXShellScriptBuildPhase;
			buildActionMask = 2147483647;
			files = (
			);
			inputPaths = (
				"${PODS_PODFILE_DIR_PATH}/Podfile.lock",
				"${PODS_ROOT}/Manifest.lock",
			);
			name = "[CP] Check Pods Manifest.lock";
			outputPaths = (
				"$(DERIVED_FILE_DIR)/Pods-Night_Club_Application-checkManifestLockResult.txt",
			);
			runOnlyForDeploymentPostprocessing = 0;
			shellPath = /bin/sh;
			shellScript = "diff \"${PODS_PODFILE_DIR_PATH}/Podfile.lock\" \"${PODS_ROOT}/Manifest.lock\" > /dev/null\nif [ $? != 0 ] ; then\n    # print error to STDERR\n    echo \"error: The sandbox is not in sync with the Podfile.lock. Run 'pod install' or update your CocoaPods installation.\" >&2\n    exit 1\nfi\n# This output is used by Xcode 'outputs' to avoid re-running this script phase.\necho \"SUCCESS\" > \"${SCRIPT_OUTPUT_FILE_0}\"\n";
			showEnvVarsInLog = 0;
		};
		4927B8DF5F63AA1E4C9D03B5 /* [CP] Embed Pods Frameworks */ = {
			isa = PBXShellScriptBuildPhase;
			buildActionMask = 2147483647;
			files = (
			);
			inputPaths = (
				"${SRCROOT}/Pods/Target Support Files/Pods-Night_Club_Application/Pods-Night_Club_Application-frameworks.sh",
				"${BUILT_PRODUCTS_DIR}/Alamofire/Alamofire.framework",
			);
			name = "[CP] Embed Pods Frameworks";
			outputPaths = (
				"${TARGET_BUILD_DIR}/${FRAMEWORKS_FOLDER_PATH}/Alamofire.framework",
			);
			runOnlyForDeploymentPostprocessing = 0;
			shellPath = /bin/sh;
			shellScript = "\"${SRCROOT}/Pods/Target Support Files/Pods-Night_Club_Application/Pods-Night_Club_Application-frameworks.sh\"\n";
			showEnvVarsInLog = 0;
		};
/* End PBXShellScriptBuildPhase section */

/* Begin PBXSourcesBuildPhase section */
		8D4469F320C182150004FA10 /* Sources */ = {
			isa = PBXSourcesBuildPhase;
			buildActionMask = 2147483647;
			files = (
				8D44AE4B20D1C3ED008F3ACE /* ApartmentPhotosFlowLayout.swift in Sources */,
				8D438C6F20F78C8F005743A6 /* ApartmentViewController.swift in Sources */,
				8D4469FB20C182150004FA10 /* AppDelegate.swift in Sources */,
				8D446A0D20C187CA0004FA10 /* MainViewController.swift in Sources */,
				8D0FCB7E20ED218500ABC50B /* Videos.swift in Sources */,
				8D86B21D20DDA416006A447F /* MainViewButton.swift in Sources */,
				8D9CF27420FD7A920041FD6C /* ClubMapTableViewCell.swift in Sources */,
				8D335FF220EFBD9600527E7B /* CustomSegmentedControl.swift in Sources */,
				8D438C6620F6595E005743A6 /* PlayVideoViewController.swift in Sources */,
				8D63606E20EE53B500DD9D50 /* VideoTableViewCell.swift in Sources */,
				8DE32014210248A900D8FD51 /* VideosDetail.swift in Sources */,
				8D446A1120C189C50004FA10 /* ReservationViewController.swift in Sources */,
				8D0A747F210A7A4400EBAA04 /* String+DurationFormatter.swift in Sources */,
				8D44AE4820D16130008F3ACE /* ApartmentGalleryCollectionViewCell.swift in Sources */,
				8D438C6B20F789BD005743A6 /* ApartmentTableViewCell.swift in Sources */,
				8D0A7481210A849E00EBAA04 /* AboutUsModel.swift in Sources */,
				8D86B23A20DDC094006A447F /* GalleryPhotoCell.swift in Sources */,
				8D0FCB7B20ED1EE600ABC50B /* VideosNetworkService.swift in Sources */,
				8D86B23820DDBEF4006A447F /* GalleryViewController.swift in Sources */,
				8D0FCB7820ED1CD500ABC50B /* VideosViewController.swift in Sources */,
				8D438C7820F8EA5C005743A6 /* AboutUsViewController.swift in Sources */,
				8D438C7F20F91F66005743A6 /* ClubDescriptionTableViewCell.swift in Sources */,
				8DE320122102460300D8FD51 /* VideoDetailNetworkService.swift in Sources */,
				8D6AC79A21001A4700310714 /* ApartmentModel.swift in Sources */,
				8D438C6920F78962005743A6 /* ApartmentGalleryTableViewCell.swift in Sources */,
				8D9CF27220FD635A0041FD6C /* WorkingHoursTableViewCell.swift in Sources */,
				8D6AC79C2100A0C300310714 /* GalleryModel.swift in Sources */,
				8D86B23C20DDC7AE006A447F /* LargePhotoViewController.swift in Sources */,
				8DE2DC4F20CC68DC000D72D8 /* MapViewController.swift in Sources */,
				8D438C7D20F91E16005743A6 /* ClubDetailTableViewCell.swift in Sources */,
				8D0FCB7620EC2D5800ABC50B /* ClubCardsViewController.swift in Sources */,
				8D9CF27620FD7CE40041FD6C /* HowToGetTableViewCell.swift in Sources */,
				8D63607020EEBFA600DD9D50 /* Environment.swift in Sources */,
			);
			runOnlyForDeploymentPostprocessing = 0;
		};
/* End PBXSourcesBuildPhase section */

/* Begin PBXVariantGroup section */
		8D4469FE20C182150004FA10 /* Main.storyboard */ = {
			isa = PBXVariantGroup;
			children = (
				8D4469FF20C182150004FA10 /* Base */,
			);
			name = Main.storyboard;
			sourceTree = "<group>";
		};
		8D446A0320C182150004FA10 /* LaunchScreen.storyboard */ = {
			isa = PBXVariantGroup;
			children = (
				8D446A0420C182150004FA10 /* Base */,
			);
			name = LaunchScreen.storyboard;
			sourceTree = "<group>";
		};
		8D5E1F2F20D1D90100766996 /* ApartmentStoryboard.storyboard */ = {
			isa = PBXVariantGroup;
			children = (
				8D5E1F3020D1D90100766996 /* Base */,
			);
			name = ApartmentStoryboard.storyboard;
			sourceTree = "<group>";
		};
		8D86B23420DDB8FC006A447F /* ReservationStoryboard.storyboard */ = {
			isa = PBXVariantGroup;
			children = (
				8D86B23520DDB8FC006A447F /* Base */,
			);
			name = ReservationStoryboard.storyboard;
			sourceTree = "<group>";
		};
/* End PBXVariantGroup section */

/* Begin XCBuildConfiguration section */
		8D446A0720C182150004FA10 /* Debug */ = {
			isa = XCBuildConfiguration;
			buildSettings = {
				ALWAYS_SEARCH_USER_PATHS = NO;
				CLANG_ANALYZER_NONNULL = YES;
				CLANG_ANALYZER_NUMBER_OBJECT_CONVERSION = YES_AGGRESSIVE;
				CLANG_CXX_LANGUAGE_STANDARD = "gnu++14";
				CLANG_CXX_LIBRARY = "libc++";
				CLANG_ENABLE_MODULES = YES;
				CLANG_ENABLE_OBJC_ARC = YES;
				CLANG_WARN_BLOCK_CAPTURE_AUTORELEASING = YES;
				CLANG_WARN_BOOL_CONVERSION = YES;
				CLANG_WARN_COMMA = YES;
				CLANG_WARN_CONSTANT_CONVERSION = YES;
				CLANG_WARN_DEPRECATED_OBJC_IMPLEMENTATIONS = YES;
				CLANG_WARN_DIRECT_OBJC_ISA_USAGE = YES_ERROR;
				CLANG_WARN_DOCUMENTATION_COMMENTS = YES;
				CLANG_WARN_EMPTY_BODY = YES;
				CLANG_WARN_ENUM_CONVERSION = YES;
				CLANG_WARN_INFINITE_RECURSION = YES;
				CLANG_WARN_INT_CONVERSION = YES;
				CLANG_WARN_NON_LITERAL_NULL_CONVERSION = YES;
				CLANG_WARN_OBJC_IMPLICIT_RETAIN_SELF = YES;
				CLANG_WARN_OBJC_LITERAL_CONVERSION = YES;
				CLANG_WARN_OBJC_ROOT_CLASS = YES_ERROR;
				CLANG_WARN_RANGE_LOOP_ANALYSIS = YES;
				CLANG_WARN_STRICT_PROTOTYPES = YES;
				CLANG_WARN_SUSPICIOUS_MOVE = YES;
				CLANG_WARN_UNGUARDED_AVAILABILITY = YES_AGGRESSIVE;
				CLANG_WARN_UNREACHABLE_CODE = YES;
				CLANG_WARN__DUPLICATE_METHOD_MATCH = YES;
				CODE_SIGN_IDENTITY = "iPhone Developer";
				COPY_PHASE_STRIP = NO;
				DEBUG_INFORMATION_FORMAT = dwarf;
				ENABLE_STRICT_OBJC_MSGSEND = YES;
				ENABLE_TESTABILITY = YES;
				GCC_C_LANGUAGE_STANDARD = gnu11;
				GCC_DYNAMIC_NO_PIC = NO;
				GCC_NO_COMMON_BLOCKS = YES;
				GCC_OPTIMIZATION_LEVEL = 0;
				GCC_PREPROCESSOR_DEFINITIONS = (
					"DEBUG=1",
					"$(inherited)",
				);
				GCC_WARN_64_TO_32_BIT_CONVERSION = YES;
				GCC_WARN_ABOUT_RETURN_TYPE = YES_ERROR;
				GCC_WARN_UNDECLARED_SELECTOR = YES;
				GCC_WARN_UNINITIALIZED_AUTOS = YES_AGGRESSIVE;
				GCC_WARN_UNUSED_FUNCTION = YES;
				GCC_WARN_UNUSED_VARIABLE = YES;
				IPHONEOS_DEPLOYMENT_TARGET = 11.2;
				MTL_ENABLE_DEBUG_INFO = YES;
				ONLY_ACTIVE_ARCH = YES;
				SDKROOT = iphoneos;
				SWIFT_ACTIVE_COMPILATION_CONDITIONS = DEBUG;
				SWIFT_OPTIMIZATION_LEVEL = "-Onone";
			};
			name = Debug;
		};
		8D446A0820C182150004FA10 /* Release */ = {
			isa = XCBuildConfiguration;
			buildSettings = {
				ALWAYS_SEARCH_USER_PATHS = NO;
				CLANG_ANALYZER_NONNULL = YES;
				CLANG_ANALYZER_NUMBER_OBJECT_CONVERSION = YES_AGGRESSIVE;
				CLANG_CXX_LANGUAGE_STANDARD = "gnu++14";
				CLANG_CXX_LIBRARY = "libc++";
				CLANG_ENABLE_MODULES = YES;
				CLANG_ENABLE_OBJC_ARC = YES;
				CLANG_WARN_BLOCK_CAPTURE_AUTORELEASING = YES;
				CLANG_WARN_BOOL_CONVERSION = YES;
				CLANG_WARN_COMMA = YES;
				CLANG_WARN_CONSTANT_CONVERSION = YES;
				CLANG_WARN_DEPRECATED_OBJC_IMPLEMENTATIONS = YES;
				CLANG_WARN_DIRECT_OBJC_ISA_USAGE = YES_ERROR;
				CLANG_WARN_DOCUMENTATION_COMMENTS = YES;
				CLANG_WARN_EMPTY_BODY = YES;
				CLANG_WARN_ENUM_CONVERSION = YES;
				CLANG_WARN_INFINITE_RECURSION = YES;
				CLANG_WARN_INT_CONVERSION = YES;
				CLANG_WARN_NON_LITERAL_NULL_CONVERSION = YES;
				CLANG_WARN_OBJC_IMPLICIT_RETAIN_SELF = YES;
				CLANG_WARN_OBJC_LITERAL_CONVERSION = YES;
				CLANG_WARN_OBJC_ROOT_CLASS = YES_ERROR;
				CLANG_WARN_RANGE_LOOP_ANALYSIS = YES;
				CLANG_WARN_STRICT_PROTOTYPES = YES;
				CLANG_WARN_SUSPICIOUS_MOVE = YES;
				CLANG_WARN_UNGUARDED_AVAILABILITY = YES_AGGRESSIVE;
				CLANG_WARN_UNREACHABLE_CODE = YES;
				CLANG_WARN__DUPLICATE_METHOD_MATCH = YES;
				CODE_SIGN_IDENTITY = "iPhone Developer";
				COPY_PHASE_STRIP = NO;
				DEBUG_INFORMATION_FORMAT = "dwarf-with-dsym";
				ENABLE_NS_ASSERTIONS = NO;
				ENABLE_STRICT_OBJC_MSGSEND = YES;
				GCC_C_LANGUAGE_STANDARD = gnu11;
				GCC_NO_COMMON_BLOCKS = YES;
				GCC_WARN_64_TO_32_BIT_CONVERSION = YES;
				GCC_WARN_ABOUT_RETURN_TYPE = YES_ERROR;
				GCC_WARN_UNDECLARED_SELECTOR = YES;
				GCC_WARN_UNINITIALIZED_AUTOS = YES_AGGRESSIVE;
				GCC_WARN_UNUSED_FUNCTION = YES;
				GCC_WARN_UNUSED_VARIABLE = YES;
				IPHONEOS_DEPLOYMENT_TARGET = 11.2;
				MTL_ENABLE_DEBUG_INFO = NO;
				SDKROOT = iphoneos;
				SWIFT_OPTIMIZATION_LEVEL = "-Owholemodule";
				VALIDATE_PRODUCT = YES;
			};
			name = Release;
		};
		8D446A0A20C182150004FA10 /* Debug */ = {
			isa = XCBuildConfiguration;
			baseConfigurationReference = E7B3D13E99D9F2EEBF721B3D /* Pods-Night_Club_Application.debug.xcconfig */;
			buildSettings = {
				ASSETCATALOG_COMPILER_APPICON_NAME = AppIcon;
				CODE_SIGN_STYLE = Automatic;
				DEVELOPMENT_TEAM = S6PVT5UP7G;
				INFOPLIST_FILE = Night_Club_Application/Info.plist;
				LD_RUNPATH_SEARCH_PATHS = "$(inherited) @executable_path/Frameworks";
				PRODUCT_BUNDLE_IDENTIFIER = "LO.Night-Club-Application";
				PRODUCT_NAME = "$(TARGET_NAME)";
				SWIFT_VERSION = 4.0;
				TARGETED_DEVICE_FAMILY = 1;
			};
			name = Debug;
		};
		8D446A0B20C182150004FA10 /* Release */ = {
			isa = XCBuildConfiguration;
			baseConfigurationReference = 70E4656CECDF05968EBCAE02 /* Pods-Night_Club_Application.release.xcconfig */;
			buildSettings = {
				ASSETCATALOG_COMPILER_APPICON_NAME = AppIcon;
				CODE_SIGN_STYLE = Automatic;
				DEVELOPMENT_TEAM = S6PVT5UP7G;
				INFOPLIST_FILE = Night_Club_Application/Info.plist;
				LD_RUNPATH_SEARCH_PATHS = "$(inherited) @executable_path/Frameworks";
				PRODUCT_BUNDLE_IDENTIFIER = "LO.Night-Club-Application";
				PRODUCT_NAME = "$(TARGET_NAME)";
				SWIFT_VERSION = 4.0;
				TARGETED_DEVICE_FAMILY = 1;
			};
			name = Release;
		};
/* End XCBuildConfiguration section */

/* Begin XCConfigurationList section */
		8D4469F220C182150004FA10 /* Build configuration list for PBXProject "Night_Club_Application" */ = {
			isa = XCConfigurationList;
			buildConfigurations = (
				8D446A0720C182150004FA10 /* Debug */,
				8D446A0820C182150004FA10 /* Release */,
			);
			defaultConfigurationIsVisible = 0;
			defaultConfigurationName = Release;
		};
		8D446A0920C182150004FA10 /* Build configuration list for PBXNativeTarget "Night_Club_Application" */ = {
			isa = XCConfigurationList;
			buildConfigurations = (
				8D446A0A20C182150004FA10 /* Debug */,
				8D446A0B20C182150004FA10 /* Release */,
			);
			defaultConfigurationIsVisible = 0;
			defaultConfigurationName = Release;
		};
/* End XCConfigurationList section */
	};
	rootObject = 8D4469EF20C182150004FA10 /* Project object */;
}
